
Microsoft Visual Studio Solution File, Format Version 12.00
# Visual Studio 15
VisualStudioVersion = 15.0.28307.705
MinimumVisualStudioVersion = 10.0.40219.1
Project("{9A19103F-16F7-4668-BE54-9A1E7A4F7556}") = "Nop.Plugin.Opensoftware.DiscountRules.HasOneProduct", "Nop.Plugin.Opensoftware.DiscountRules.HasOneProduct.csproj", "{D77EB955-5FC4-4700-ADFE-6F2A8D3728F7}"
EndProject
Global
	GlobalSection(SolutionConfigurationPlatforms) = preSolution
		Debug|Any CPU = Debug|Any CPU
		Release|Any CPU = Release|Any CPU
	EndGlobalSection
	GlobalSection(ProjectConfigurationPlatforms) = postSolution
		{D77EB955-5FC4-4700-ADFE-6F2A8D3728F7}.Debug|Any CPU.ActiveCfg = Debug|Any CPU
		{D77EB955-5FC4-4700-ADFE-6F2A8D3728F7}.Debug|Any CPU.Build.0 = Debug|Any CPU
		{D77EB955-5FC4-4700-ADFE-6F2A8D3728F7}.Release|Any CPU.ActiveCfg = Release|Any CPU
		{D77EB955-5FC4-4700-ADFE-6F2A8D3728F7}.Release|Any CPU.Build.0 = Release|Any CPU
	EndGlobalSection
	GlobalSection(SolutionProperties) = preSolution
		HideSolutionNode = FALSE
	EndGlobalSection
	GlobalSection(ExtensibilityGlobals) = postSolution
		SolutionGuid = {6EA913B3-721F-4377-A78F-11940F214F78}
	EndGlobalSection
	GlobalSection(TeamFoundationVersionControl) = preSolution
		SccNumberOfProjects = 1
		SccEnterpriseProvider = {4CA58AB2-18FA-4F8D-95D4-32DDF27D184C}
		SccTeamFoundationServer = https://osw.visualstudio.com/
		SccProjectUniqueName0 = Nop.Plugin.Opensoftware.DiscountRules.HasOneProduct.csproj
		SccProjectName0 = .
		SccAuxPath0 = https://osw.visualstudio.com
		SccLocalPath0 = .
		SccProvider0 = {4CA58AB2-18FA-4F8D-95D4-32DDF27D184C}
	EndGlobalSection
EndGlobal
