
Microsoft Visual Studio Solution File, Format Version 12.00
# Visual Studio 15
VisualStudioVersion = 15.0.28307.1831
MinimumVisualStudioVersion = 10.0.40219.1
Project("{9A19103F-16F7-4668-BE54-9A1E7A4F7556}") = "Nop.Plugin.Baroque.DiscountRules.HasOneProduct", "Nop.Plugin.Baroque.DiscountRules.HasOneProduct.csproj", "{E34C70EF-9A17-4D8C-9CF1-1157DD5B73B4}"
EndProject
Global
	GlobalSection(SolutionConfigurationPlatforms) = preSolution
		Debug|Any CPU = Debug|Any CPU
		Release|Any CPU = Release|Any CPU
	EndGlobalSection
	GlobalSection(ProjectConfigurationPlatforms) = postSolution
		{E34C70EF-9A17-4D8C-9CF1-1157DD5B73B4}.Debug|Any CPU.ActiveCfg = Debug|Any CPU
		{E34C70EF-9A17-4D8C-9CF1-1157DD5B73B4}.Debug|Any CPU.Build.0 = Debug|Any CPU
		{E34C70EF-9A17-4D8C-9CF1-1157DD5B73B4}.Release|Any CPU.ActiveCfg = Release|Any CPU
		{E34C70EF-9A17-4D8C-9CF1-1157DD5B73B4}.Release|Any CPU.Build.0 = Release|Any CPU
	EndGlobalSection
	GlobalSection(SolutionProperties) = preSolution
		HideSolutionNode = FALSE
	EndGlobalSection
	GlobalSection(ExtensibilityGlobals) = postSolution
		SolutionGuid = {26A5B594-C76D-4247-B31C-2B2CDFB19474}
	EndGlobalSection
EndGlobal
